
Microsoft Visual Studio Solution File, Format Version 12.00
# Visual Studio Version 16
VisualStudioVersion = 25.0.1705.0
MinimumVisualStudioVersion = 10.0.40219.1
Project("{FAE04EC0-301F-11D3-BF4B-00C04F79EFBC}") = "TestConsoleProject", "TestConsoleProject\TestConsoleProject.csproj", "{1F272D2D-929A-46F3-AF60-6E85CC6D6307}"
EndProject
Global
	GlobalSection(SolutionConfigurationPlatforms) = preSolution
		Debug|Any CPU = Debug|Any CPU
		Release|Any CPU = Release|Any CPU
	EndGlobalSection
	GlobalSection(ProjectConfigurationPlatforms) = postSolution
		{1F272D2D-929A-46F3-AF60-6E85CC6D6307}.Debug|Any CPU.ActiveCfg = Debug|Any CPU
		{1F272D2D-929A-46F3-AF60-6E85CC6D6307}.Debug|Any CPU.Build.0 = Debug|Any CPU
		{1F272D2D-929A-46F3-AF60-6E85CC6D6307}.Release|Any CPU.ActiveCfg = Release|Any CPU
		{1F272D2D-929A-46F3-AF60-6E85CC6D6307}.Release|Any CPU.Build.0 = Release|Any CPU
	EndGlobalSection
	GlobalSection(SolutionProperties) = preSolution
		HideSolutionNode = FALSE
	EndGlobalSection
	GlobalSection(ExtensibilityGlobals) = postSolution
		SolutionGuid = {0313D020-2DB2-4421-9448-C70150A2F5E1}
	EndGlobalSection
EndGlobal
